
Microsoft Visual Studio Solution File, Format Version 12.00
# Visual Studio 15
Project("{FAE04EC0-301F-11D3-BF4B-00C04F79EFBC}") = "Assembly-CSharp-Editor", "Assembly-CSharp-Editor.csproj", "{A096E502-3B50-EB6B-3189-89C2DE2171B6}"
EndProject
Project("{FAE04EC0-301F-11D3-BF4B-00C04F79EFBC}") = "Assembly-CSharp", "Assembly-CSharp.csproj", "{CF158869-2DB2-0600-F598-90837C76DE89}"
EndProject
Global
	GlobalSection(SolutionConfigurationPlatforms) = preSolution
		Debug|Any CPU = Debug|Any CPU
		Release|Any CPU = Release|Any CPU
	EndGlobalSection
	GlobalSection(ProjectConfigurationPlatforms) = postSolution
		{A096E502-3B50-EB6B-3189-89C2DE2171B6}.Debug|Any CPU.ActiveCfg = Debug|Any CPU
		{A096E502-3B50-EB6B-3189-89C2DE2171B6}.Debug|Any CPU.Build.0 = Debug|Any CPU
		{A096E502-3B50-EB6B-3189-89C2DE2171B6}.Release|Any CPU.ActiveCfg = Release|Any CPU
		{A096E502-3B50-EB6B-3189-89C2DE2171B6}.Release|Any CPU.Build.0 = Release|Any CPU
		{CF158869-2DB2-0600-F598-90837C76DE89}.Debug|Any CPU.ActiveCfg = Debug|Any CPU
		{CF158869-2DB2-0600-F598-90837C76DE89}.Debug|Any CPU.Build.0 = Debug|Any CPU
		{CF158869-2DB2-0600-F598-90837C76DE89}.Release|Any CPU.ActiveCfg = Release|Any CPU
		{CF158869-2DB2-0600-F598-90837C76DE89}.Release|Any CPU.Build.0 = Release|Any CPU
	EndGlobalSection
	GlobalSection(SolutionProperties) = preSolution
		HideSolutionNode = FALSE
	EndGlobalSection
EndGlobal
